
Microsoft Visual Studio Solution File, Format Version 12.00
# Visual Studio Version 17
VisualStudioVersion = 17.10.34902.84
MinimumVisualStudioVersion = 10.0.40219.1
Project("{FAE04EC0-301F-11D3-BF4B-00C04F79EFBC}") = "UcenjeCS", "UcenjeCS\UcenjeCS.csproj", "{FE8549E9-406F-43C9-814E-7AA62862C9DC}"
EndProject
Global
	GlobalSection(SolutionConfigurationPlatforms) = preSolution
		Debug|Any CPU = Debug|Any CPU
		Release|Any CPU = Release|Any CPU
	EndGlobalSection
	GlobalSection(ProjectConfigurationPlatforms) = postSolution
		{FE8549E9-406F-43C9-814E-7AA62862C9DC}.Debug|Any CPU.ActiveCfg = Debug|Any CPU
		{FE8549E9-406F-43C9-814E-7AA62862C9DC}.Debug|Any CPU.Build.0 = Debug|Any CPU
		{FE8549E9-406F-43C9-814E-7AA62862C9DC}.Release|Any CPU.ActiveCfg = Release|Any CPU
		{FE8549E9-406F-43C9-814E-7AA62862C9DC}.Release|Any CPU.Build.0 = Release|Any CPU
	EndGlobalSection
	GlobalSection(SolutionProperties) = preSolution
		HideSolutionNode = FALSE
	EndGlobalSection
	GlobalSection(ExtensibilityGlobals) = postSolution
		SolutionGuid = {6BD8AEEC-8483-4FCE-B5CD-84A71C7A3A63}
	EndGlobalSection
EndGlobal
