
Microsoft Visual Studio Solution File, Format Version 12.00
# Visual Studio Version 17
VisualStudioVersion = 17.10.34902.84
MinimumVisualStudioVersion = 10.0.40219.1
Project("{9A19103F-16F7-4668-BE54-9A1E7A4F7556}") = "UcenjeCS", "UcenjeCS\UcenjeCS.csproj", "{A2A1EC99-36C6-419F-B184-808AFBFA7809}"
EndProject
Project("{FAE04EC0-301F-11D3-BF4B-00C04F79EFBC}") = "WebAPI", "WebAPI\WebAPI.csproj", "{3AC9D40D-5390-470E-951F-09B9AF1E53C0}"
EndProject
Global
	GlobalSection(SolutionConfigurationPlatforms) = preSolution
		Debug|Any CPU = Debug|Any CPU
		Release|Any CPU = Release|Any CPU
	EndGlobalSection
	GlobalSection(ProjectConfigurationPlatforms) = postSolution
		{A2A1EC99-36C6-419F-B184-808AFBFA7809}.Debug|Any CPU.ActiveCfg = Debug|Any CPU
		{A2A1EC99-36C6-419F-B184-808AFBFA7809}.Debug|Any CPU.Build.0 = Debug|Any CPU
		{A2A1EC99-36C6-419F-B184-808AFBFA7809}.Release|Any CPU.ActiveCfg = Release|Any CPU
		{A2A1EC99-36C6-419F-B184-808AFBFA7809}.Release|Any CPU.Build.0 = Release|Any CPU
		{3AC9D40D-5390-470E-951F-09B9AF1E53C0}.Debug|Any CPU.ActiveCfg = Debug|Any CPU
		{3AC9D40D-5390-470E-951F-09B9AF1E53C0}.Debug|Any CPU.Build.0 = Debug|Any CPU
		{3AC9D40D-5390-470E-951F-09B9AF1E53C0}.Release|Any CPU.ActiveCfg = Release|Any CPU
		{3AC9D40D-5390-470E-951F-09B9AF1E53C0}.Release|Any CPU.Build.0 = Release|Any CPU
	EndGlobalSection
	GlobalSection(SolutionProperties) = preSolution
		HideSolutionNode = FALSE
	EndGlobalSection
	GlobalSection(ExtensibilityGlobals) = postSolution
		SolutionGuid = {FD753C7E-7791-41A7-B96E-80398B59C8B8}
	EndGlobalSection
EndGlobal
